Microsoft Visual Studio Solution File, Format Version 12.00
# Visual Studio 11
Project("{8BC9CEB8-8B4A-11D0-8D11-00A0C91BC942}") = "SceneGraph", "SceneGraph\SceneGraph.vcxproj", "{B4CB9486-FDB1-4098-8A07-DB5AAAFF9241}"
EndProject
Project("{8BC9CEB8-8B4A-11D0-8D11-00A0C91BC942}") = "Base", "Base\Base.vcxproj", "{E09B709A-8B49-4AE7-B94B-3771A3725D06}"
EndProject
Project("{8BC9CEB8-8B4A-11D0-8D11-00A0C91BC942}") = "Direct3D9Driver", "Direct3D9Driver\Direct3D9Driver.vcxproj", "{BDDB4925-028F-4FCE-86B9-85A7DA7DCE46}"
EndProject
Project("{8BC9CEB8-8B4A-11D0-8D11-00A0C91BC942}") = "lib3ds_loader", "lib3ds_loader\lib3ds_loader.vcxproj", "{1DC65348-E0BF-467F-AA48-9BE33C2A3CA9}"
EndProject
Project("{8BC9CEB8-8B4A-11D0-8D11-00A0C91BC942}") = "fcollada_loader", "fcollada_loader\fcollada_loader.vcxproj", "{C72D1BED-24B9-43A8-B1E3-48764FB89ACE}"
EndProject
Project("{8BC9CEB8-8B4A-11D0-8D11-00A0C91BC942}") = "opencascade_loader", "opencascade_loader\opencascade_loader.vcxproj", "{B60B8DA4-6C0C-4582-B4BE-FCFEDCF26353}"
EndProject
Project("{8BC9CEB8-8B4A-11D0-8D11-00A0C91BC942}") = "sketchup_loader", "sketchup_loader\sketchup_loader.vcxproj", "{75925DEB-95F3-4B3C-94D5-10F5CFA67195}"
EndProject
Project("{8BC9CEB8-8B4A-11D0-8D11-00A0C91BC942}") = "OpenGLDriver", "OpenGLDriver\OpenGLDriver.vcxproj", "{39654846-427E-4C88-9F71-42E521CB8327}"
EndProject
Project("{8BC9CEB8-8B4A-11D0-8D11-00A0C91BC942}") = "coin3d_loader", "coin3d_loader\coin3d_loader.vcxproj", "{907D65D4-25CA-48D9-8122-324E99F4872A}"
EndProject
Global
	GlobalSection(SolutionConfigurationPlatforms) = preSolution
		Debug|Any CPU = Debug|Any CPU
		Debug|Mixed Platforms = Debug|Mixed Platforms
		Debug|Win32 = Debug|Win32
		Release|Any CPU = Release|Any CPU
		Release|Mixed Platforms = Release|Mixed Platforms
		Release|Win32 = Release|Win32
	EndGlobalSection
	GlobalSection(ProjectConfigurationPlatforms) = postSolution
		{1DC65348-E0BF-467F-AA48-9BE33C2A3CA9}.Debug|Any CPU.ActiveCfg = Debug|Win32
		{1DC65348-E0BF-467F-AA48-9BE33C2A3CA9}.Debug|Mixed Platforms.ActiveCfg = Debug|Win32
		{1DC65348-E0BF-467F-AA48-9BE33C2A3CA9}.Debug|Mixed Platforms.Build.0 = Debug|Win32
		{1DC65348-E0BF-467F-AA48-9BE33C2A3CA9}.Debug|Win32.ActiveCfg = Debug|Win32
		{1DC65348-E0BF-467F-AA48-9BE33C2A3CA9}.Debug|Win32.Build.0 = Debug|Win32
		{1DC65348-E0BF-467F-AA48-9BE33C2A3CA9}.Release|Any CPU.ActiveCfg = Release|Win32
		{1DC65348-E0BF-467F-AA48-9BE33C2A3CA9}.Release|Mixed Platforms.ActiveCfg = Release|Win32
		{1DC65348-E0BF-467F-AA48-9BE33C2A3CA9}.Release|Mixed Platforms.Build.0 = Release|Win32
		{1DC65348-E0BF-467F-AA48-9BE33C2A3CA9}.Release|Win32.ActiveCfg = Release|Win32
		{1DC65348-E0BF-467F-AA48-9BE33C2A3CA9}.Release|Win32.Build.0 = Release|Win32
		{39654846-427E-4C88-9F71-42E521CB8327}.Debug|Any CPU.ActiveCfg = Debug|Win32
		{39654846-427E-4C88-9F71-42E521CB8327}.Debug|Mixed Platforms.ActiveCfg = Debug|Win32
		{39654846-427E-4C88-9F71-42E521CB8327}.Debug|Mixed Platforms.Build.0 = Debug|Win32
		{39654846-427E-4C88-9F71-42E521CB8327}.Debug|Win32.ActiveCfg = Debug|Win32
		{39654846-427E-4C88-9F71-42E521CB8327}.Debug|Win32.Build.0 = Debug|Win32
		{39654846-427E-4C88-9F71-42E521CB8327}.Release|Any CPU.ActiveCfg = Release|Win32
		{39654846-427E-4C88-9F71-42E521CB8327}.Release|Mixed Platforms.ActiveCfg = Release|Win32
		{39654846-427E-4C88-9F71-42E521CB8327}.Release|Mixed Platforms.Build.0 = Release|Win32
		{39654846-427E-4C88-9F71-42E521CB8327}.Release|Win32.ActiveCfg = Release|Win32
		{39654846-427E-4C88-9F71-42E521CB8327}.Release|Win32.Build.0 = Release|Win32
		{75925DEB-95F3-4B3C-94D5-10F5CFA67195}.Debug|Any CPU.ActiveCfg = Debug|Win32
		{75925DEB-95F3-4B3C-94D5-10F5CFA67195}.Debug|Mixed Platforms.ActiveCfg = Debug|Win32
		{75925DEB-95F3-4B3C-94D5-10F5CFA67195}.Debug|Mixed Platforms.Build.0 = Debug|Win32
		{75925DEB-95F3-4B3C-94D5-10F5CFA67195}.Debug|Win32.ActiveCfg = Debug|Win32
		{75925DEB-95F3-4B3C-94D5-10F5CFA67195}.Debug|Win32.Build.0 = Debug|Win32
		{75925DEB-95F3-4B3C-94D5-10F5CFA67195}.Release|Any CPU.ActiveCfg = Release|Win32
		{75925DEB-95F3-4B3C-94D5-10F5CFA67195}.Release|Mixed Platforms.ActiveCfg = Release|Win32
		{75925DEB-95F3-4B3C-94D5-10F5CFA67195}.Release|Mixed Platforms.Build.0 = Release|Win32
		{75925DEB-95F3-4B3C-94D5-10F5CFA67195}.Release|Win32.ActiveCfg = Release|Win32
		{75925DEB-95F3-4B3C-94D5-10F5CFA67195}.Release|Win32.Build.0 = Release|Win32
		{907D65D4-25CA-48D9-8122-324E99F4872A}.Debug|Any CPU.ActiveCfg = Debug|Win32
		{907D65D4-25CA-48D9-8122-324E99F4872A}.Debug|Mixed Platforms.ActiveCfg = Debug|Win32
		{907D65D4-25CA-48D9-8122-324E99F4872A}.Debug|Mixed Platforms.Build.0 = Debug|Win32
		{907D65D4-25CA-48D9-8122-324E99F4872A}.Debug|Win32.ActiveCfg = Debug|Win32
		{907D65D4-25CA-48D9-8122-324E99F4872A}.Debug|Win32.Build.0 = Debug|Win32
		{907D65D4-25CA-48D9-8122-324E99F4872A}.Release|Any CPU.ActiveCfg = Release|Win32
		{907D65D4-25CA-48D9-8122-324E99F4872A}.Release|Mixed Platforms.ActiveCfg = Release|Win32
		{907D65D4-25CA-48D9-8122-324E99F4872A}.Release|Mixed Platforms.Build.0 = Release|Win32
		{907D65D4-25CA-48D9-8122-324E99F4872A}.Release|Win32.ActiveCfg = Release|Win32
		{907D65D4-25CA-48D9-8122-324E99F4872A}.Release|Win32.Build.0 = Release|Win32
		{B4CB9486-FDB1-4098-8A07-DB5AAAFF9241}.Debug|Any CPU.ActiveCfg = Debug|Win32
		{B4CB9486-FDB1-4098-8A07-DB5AAAFF9241}.Debug|Mixed Platforms.ActiveCfg = Debug|Win32
		{B4CB9486-FDB1-4098-8A07-DB5AAAFF9241}.Debug|Mixed Platforms.Build.0 = Debug|Win32
		{B4CB9486-FDB1-4098-8A07-DB5AAAFF9241}.Debug|Win32.ActiveCfg = Debug|Win32
		{B4CB9486-FDB1-4098-8A07-DB5AAAFF9241}.Debug|Win32.Build.0 = Debug|Win32
		{B4CB9486-FDB1-4098-8A07-DB5AAAFF9241}.Release|Any CPU.ActiveCfg = Release|Win32
		{B4CB9486-FDB1-4098-8A07-DB5AAAFF9241}.Release|Mixed Platforms.ActiveCfg = Release|Win32
		{B4CB9486-FDB1-4098-8A07-DB5AAAFF9241}.Release|Mixed Platforms.Build.0 = Release|Win32
		{B4CB9486-FDB1-4098-8A07-DB5AAAFF9241}.Release|Win32.ActiveCfg = Release|Win32
		{B4CB9486-FDB1-4098-8A07-DB5AAAFF9241}.Release|Win32.Build.0 = Release|Win32
		{B60B8DA4-6C0C-4582-B4BE-FCFEDCF26353}.Debug|Any CPU.ActiveCfg = Debug|Win32
		{B60B8DA4-6C0C-4582-B4BE-FCFEDCF26353}.Debug|Mixed Platforms.ActiveCfg = Debug|Win32
		{B60B8DA4-6C0C-4582-B4BE-FCFEDCF26353}.Debug|Mixed Platforms.Build.0 = Debug|Win32
		{B60B8DA4-6C0C-4582-B4BE-FCFEDCF26353}.Debug|Win32.ActiveCfg = Debug|Win32
		{B60B8DA4-6C0C-4582-B4BE-FCFEDCF26353}.Debug|Win32.Build.0 = Debug|Win32
		{B60B8DA4-6C0C-4582-B4BE-FCFEDCF26353}.Release|Any CPU.ActiveCfg = Release|Win32
		{B60B8DA4-6C0C-4582-B4BE-FCFEDCF26353}.Release|Mixed Platforms.ActiveCfg = Release|Win32
		{B60B8DA4-6C0C-4582-B4BE-FCFEDCF26353}.Release|Mixed Platforms.Build.0 = Release|Win32
		{B60B8DA4-6C0C-4582-B4BE-FCFEDCF26353}.Release|Win32.ActiveCfg = Release|Win32
		{B60B8DA4-6C0C-4582-B4BE-FCFEDCF26353}.Release|Win32.Build.0 = Release|Win32
		{BDDB4925-028F-4FCE-86B9-85A7DA7DCE46}.Debug|Any CPU.ActiveCfg = Debug|Win32
		{BDDB4925-028F-4FCE-86B9-85A7DA7DCE46}.Debug|Mixed Platforms.ActiveCfg = Debug|Win32
		{BDDB4925-028F-4FCE-86B9-85A7DA7DCE46}.Debug|Mixed Platforms.Build.0 = Debug|Win32
		{BDDB4925-028F-4FCE-86B9-85A7DA7DCE46}.Debug|Win32.ActiveCfg = Debug|Win32
		{BDDB4925-028F-4FCE-86B9-85A7DA7DCE46}.Debug|Win32.Build.0 = Debug|Win32
		{BDDB4925-028F-4FCE-86B9-85A7DA7DCE46}.Release|Any CPU.ActiveCfg = Release|Win32
		{BDDB4925-028F-4FCE-86B9-85A7DA7DCE46}.Release|Mixed Platforms.ActiveCfg = Release|Win32
		{BDDB4925-028F-4FCE-86B9-85A7DA7DCE46}.Release|Mixed Platforms.Build.0 = Release|Win32
		{BDDB4925-028F-4FCE-86B9-85A7DA7DCE46}.Release|Win32.ActiveCfg = Release|Win32
		{BDDB4925-028F-4FCE-86B9-85A7DA7DCE46}.Release|Win32.Build.0 = Release|Win32
		{C72D1BED-24B9-43A8-B1E3-48764FB89ACE}.Debug|Any CPU.ActiveCfg = Debug|Win32
		{C72D1BED-24B9-43A8-B1E3-48764FB89ACE}.Debug|Mixed Platforms.ActiveCfg = Debug|Win32
		{C72D1BED-24B9-43A8-B1E3-48764FB89ACE}.Debug|Mixed Platforms.Build.0 = Debug|Win32
		{C72D1BED-24B9-43A8-B1E3-48764FB89ACE}.Debug|Win32.ActiveCfg = Debug|Win32
		{C72D1BED-24B9-43A8-B1E3-48764FB89ACE}.Debug|Win32.Build.0 = Debug|Win32
		{C72D1BED-24B9-43A8-B1E3-48764FB89ACE}.Release|Any CPU.ActiveCfg = Release|Win32
		{C72D1BED-24B9-43A8-B1E3-48764FB89ACE}.Release|Mixed Platforms.ActiveCfg = Release|Win32
		{C72D1BED-24B9-43A8-B1E3-48764FB89ACE}.Release|Mixed Platforms.Build.0 = Release|Win32
		{C72D1BED-24B9-43A8-B1E3-48764FB89ACE}.Release|Win32.ActiveCfg = Release|Win32
		{C72D1BED-24B9-43A8-B1E3-48764FB89ACE}.Release|Win32.Build.0 = Release|Win32
		{E09B709A-8B49-4AE7-B94B-3771A3725D06}.Debug|Any CPU.ActiveCfg = Debug|Win32
		{E09B709A-8B49-4AE7-B94B-3771A3725D06}.Debug|Mixed Platforms.ActiveCfg = Debug|Win32
		{E09B709A-8B49-4AE7-B94B-3771A3725D06}.Debug|Mixed Platforms.Build.0 = Debug|Win32
		{E09B709A-8B49-4AE7-B94B-3771A3725D06}.Debug|Win32.ActiveCfg = Debug|Win32
		{E09B709A-8B49-4AE7-B94B-3771A3725D06}.Debug|Win32.Build.0 = Debug|Win32
		{E09B709A-8B49-4AE7-B94B-3771A3725D06}.Release|Any CPU.ActiveCfg = Release|Win32
		{E09B709A-8B49-4AE7-B94B-3771A3725D06}.Release|Mixed Platforms.ActiveCfg = Release|Win32
		{E09B709A-8B49-4AE7-B94B-3771A3725D06}.Release|Mixed Platforms.Build.0 = Release|Win32
		{E09B709A-8B49-4AE7-B94B-3771A3725D06}.Release|Win32.ActiveCfg = Release|Win32
		{E09B709A-8B49-4AE7-B94B-3771A3725D06}.Release|Win32.Build.0 = Release|Win32
	EndGlobalSection
	GlobalSection(SolutionProperties) = preSolution
		HideSolutionNode = FALSE
	EndGlobalSection
EndGlobal
