<?xml version="1.0" encoding="utf-8"?>
<Project ToolsVersion="4.0" xmlns="http://schemas.microsoft.com/developer/msbuild/2003">
  <ItemGroup>
    <Filter Include="Source Files">
      <UniqueIdentifier>{4FC737F1-C7A5-4376-A066-2A32D752A2FF}</UniqueIdentifier>
      <Extensions>cpp;c;cc;cxx;def;odl;idl;hpj;bat;asm;asmx</Extensions>
    </Filter>
    <Filter Include="Header Files">
      <UniqueIdentifier>{93995380-89BD-4b04-88EB-625FBE52EBFB}</UniqueIdentifier>
      <Extensions>h;hpp;hxx;hm;inl;inc;xsd</Extensions>
    </Filter>
    <Filter Include="Resource Files">
      <UniqueIdentifier>{67DA6AB6-F800-4c08-8B7A-83BB121AAD01}</UniqueIdentifier>
      <Extensions>rc;ico;cur;bmp;dlg;rc2;rct;bin;rgs;gif;jpg;jpeg;jpe;resx;tiff;tif;png;wav</Extensions>
    </Filter>
    <Filter Include="lib3ds">
      <UniqueIdentifier>{e1bbe8b4-c7f3-438b-b99c-4eec939a4e06}</UniqueIdentifier>
    </Filter>
  </ItemGroup>
  <ItemGroup>
    <ClCompile Include="src\io3DS.cpp">
      <Filter>Source Files</Filter>
    </ClCompile>
    <ClCompile Include="lib3ds-20080909\src\lib3ds_atmosphere.c">
      <Filter>lib3ds</Filter>
    </ClCompile>
    <ClCompile Include="lib3ds-20080909\src\lib3ds_background.c">
      <Filter>lib3ds</Filter>
    </ClCompile>
    <ClCompile Include="lib3ds-20080909\src\lib3ds_camera.c">
      <Filter>lib3ds</Filter>
    </ClCompile>
    <ClCompile Include="lib3ds-20080909\src\lib3ds_chunk.c">
      <Filter>lib3ds</Filter>
    </ClCompile>
    <ClCompile Include="lib3ds-20080909\src\lib3ds_chunktable.c">
      <Filter>lib3ds</Filter>
    </ClCompile>
    <ClCompile Include="lib3ds-20080909\src\lib3ds_file.c">
      <Filter>lib3ds</Filter>
    </ClCompile>
    <ClCompile Include="lib3ds-20080909\src\lib3ds_io.c">
      <Filter>lib3ds</Filter>
    </ClCompile>
    <ClCompile Include="lib3ds-20080909\src\lib3ds_light.c">
      <Filter>lib3ds</Filter>
    </ClCompile>
    <ClCompile Include="lib3ds-20080909\src\lib3ds_material.c">
      <Filter>lib3ds</Filter>
    </ClCompile>
    <ClCompile Include="lib3ds-20080909\src\lib3ds_math.c">
      <Filter>lib3ds</Filter>
    </ClCompile>
    <ClCompile Include="lib3ds-20080909\src\lib3ds_matrix.c">
      <Filter>lib3ds</Filter>
    </ClCompile>
    <ClCompile Include="lib3ds-20080909\src\lib3ds_mesh.c">
      <Filter>lib3ds</Filter>
    </ClCompile>
    <ClCompile Include="lib3ds-20080909\src\lib3ds_node.c">
      <Filter>lib3ds</Filter>
    </ClCompile>
    <ClCompile Include="lib3ds-20080909\src\lib3ds_quat.c">
      <Filter>lib3ds</Filter>
    </ClCompile>
    <ClCompile Include="lib3ds-20080909\src\lib3ds_shadow.c">
      <Filter>lib3ds</Filter>
    </ClCompile>
    <ClCompile Include="lib3ds-20080909\src\lib3ds_track.c">
      <Filter>lib3ds</Filter>
    </ClCompile>
    <ClCompile Include="lib3ds-20080909\src\lib3ds_util.c">
      <Filter>lib3ds</Filter>
    </ClCompile>
    <ClCompile Include="lib3ds-20080909\src\lib3ds_vector.c">
      <Filter>lib3ds</Filter>
    </ClCompile>
    <ClCompile Include="lib3ds-20080909\src\lib3ds_viewport.c">
      <Filter>lib3ds</Filter>
    </ClCompile>
  </ItemGroup>
  <ItemGroup>
    <ClInclude Include="lib3ds-20080909\src\lib3ds.h">
      <Filter>lib3ds</Filter>
    </ClInclude>
    <ClInclude Include="lib3ds-20080909\src\lib3ds_impl.h">
      <Filter>lib3ds</Filter>
    </ClInclude>
  </ItemGroup>
</Project>